
Microsoft Visual Studio Solution File, Format Version 12.00
# Visual Studio 15
VisualStudioVersion = 15.0.27130.2010
MinimumVisualStudioVersion = 10.0.40219.1
Project("{FAE04EC0-301F-11D3-BF4B-00C04F79EFBC}") = "BibliotecaOrt-Demo", "BibliotecaOrt-Demo\BibliotecaOrt-Demo.csproj", "{263052EA-449E-4C11-9FB5-908AE8DA4C67}"
EndProject
Global
	GlobalSection(SolutionConfigurationPlatforms) = preSolution
		Debug|Any CPU = Debug|Any CPU
		Release|Any CPU = Release|Any CPU
	EndGlobalSection
	GlobalSection(ProjectConfigurationPlatforms) = postSolution
		{263052EA-449E-4C11-9FB5-908AE8DA4C67}.Debug|Any CPU.ActiveCfg = Debug|Any CPU
		{263052EA-449E-4C11-9FB5-908AE8DA4C67}.Debug|Any CPU.Build.0 = Debug|Any CPU
		{263052EA-449E-4C11-9FB5-908AE8DA4C67}.Release|Any CPU.ActiveCfg = Release|Any CPU
		{263052EA-449E-4C11-9FB5-908AE8DA4C67}.Release|Any CPU.Build.0 = Release|Any CPU
	EndGlobalSection
	GlobalSection(SolutionProperties) = preSolution
		HideSolutionNode = FALSE
	EndGlobalSection
	GlobalSection(ExtensibilityGlobals) = postSolution
		SolutionGuid = {DD9C495B-2CB9-46E7-A859-394394871B8D}
	EndGlobalSection
EndGlobal
